// !$*UTF8*$!
{
	archiveVersion = 1;
	classes = {
	};
	objectVersion = 46;
	objects = {

/* Begin PBXBuildFile section */
		2BC1239E1BC4002900B3DF04 /* AppDelegate.swift in Sources */ = {isa = PBXBuildFile; fileRef = 2BC1239D1BC4002900B3DF04 /* AppDelegate.swift */; };
		2BC123A31BC4002900B3DF04 /* Main.storyboard in Resources */ = {isa = PBXBuildFile; fileRef = 2BC123A11BC4002900B3DF04 /* Main.storyboard */; };
		2BC123A51BC4002900B3DF04 /* Assets.xcassets in Resources */ = {isa = PBXBuildFile; fileRef = 2BC123A41BC4002900B3DF04 /* Assets.xcassets */; };
		2BC123A81BC4002900B3DF04 /* LaunchScreen.storyboard in Resources */ = {isa = PBXBuildFile; fileRef = 2BC123A61BC4002900B3DF04 /* LaunchScreen.storyboard */; };
		2BC123B01BC4016B00B3DF04 /* Foursquare.swift in Sources */ = {isa = PBXBuildFile; fileRef = 2BC123AF1BC4016B00B3DF04 /* Foursquare.swift */; settings = {ASSET_TAGS = (); }; };
		2BC123B21BC421A900B3DF04 /* MapViewController.swift in Sources */ = {isa = PBXBuildFile; fileRef = 2BC123B11BC421A900B3DF04 /* MapViewController.swift */; settings = {ASSET_TAGS = (); }; };
		2BC123B41BC4631E00B3DF04 /* VenuesTableViewController.swift in Sources */ = {isa = PBXBuildFile; fileRef = 2BC123B31BC4631E00B3DF04 /* VenuesTableViewController.swift */; settings = {ASSET_TAGS = (); }; };
		2BC123B61BC4689D00B3DF04 /* Constants.swift in Sources */ = {isa = PBXBuildFile; fileRef = 2BC123B51BC4689D00B3DF04 /* Constants.swift */; settings = {ASSET_TAGS = (); }; };
/* End PBXBuildFile section */

/* Begin PBXFileReference section */
		2BC1239A1BC4002900B3DF04 /* Venues.app */ = {isa = PBXFileReference; explicitFileType = wrapper.application; includeInIndex = 0; path = Venues.app; sourceTree = BUILT_PRODUCTS_DIR; };
		2BC1239D1BC4002900B3DF04 /* AppDelegate.swift */ = {isa = PBXFileReference; lastKnownFileType = sourcecode.swift; path = AppDelegate.swift; sourceTree = "<group>"; };
		2BC123A21BC4002900B3DF04 /* Base */ = {isa = PBXFileReference; lastKnownFileType = file.storyboard; name = Base; path = Base.lproj/Main.storyboard; sourceTree = "<group>"; };
		2BC123A41BC4002900B3DF04 /* Assets.xcassets */ = {isa = PBXFileReference; lastKnownFileType = folder.assetcatalog; path = Assets.xcassets; sourceTree = "<group>"; };
		2BC123A71BC4002900B3DF04 /* Base */ = {isa = PBXFileReference; lastKnownFileType = file.storyboard; name = Base; path = Base.lproj/LaunchScreen.storyboard; sourceTree = "<group>"; };
		2BC123A91BC4002900B3DF04 /* Info.plist */ = {isa = PBXFileReference; lastKnownFileType = text.plist.xml; path = Info.plist; sourceTree = "<group>"; };
		2BC123AF1BC4016B00B3DF04 /* Foursquare.swift */ = {isa = PBXFileReference; fileEncoding = 4; lastKnownFileType = sourcecode.swift; path = Foursquare.swift; sourceTree = "<group>"; };
		2BC123B11BC421A900B3DF04 /* MapViewController.swift */ = {isa = PBXFileReference; fileEncoding = 4; lastKnownFileType = sourcecode.swift; path = MapViewController.swift; sourceTree = "<group>"; };
		2BC123B31BC4631E00B3DF04 /* VenuesTableViewController.swift */ = {isa = PBXFileReference; fileEncoding = 4; lastKnownFileType = sourcecode.swift; path = VenuesTableViewController.swift; sourceTree = "<group>"; };
		2BC123B51BC4689D00B3DF04 /* Constants.swift */ = {isa = PBXFileReference; fileEncoding = 4; lastKnownFileType = sourcecode.swift; path = Constants.swift; sourceTree = "<group>"; };
/* End PBXFileReference section */

/* Begin PBXFrameworksBuildPhase section */
		2BC123971BC4002900B3DF04 /* Frameworks */ = {
			isa = PBXFrameworksBuildPhase;
			buildActionMask = 2147483647;
			files = (
			);
			runOnlyForDeploymentPostprocessing = 0;
		};
/* End PBXFrameworksBuildPhase section */

/* Begin PBXGroup section */
		2BC123911BC4002900B3DF04 = {
			isa = PBXGroup;
			children = (
				2BC1239C1BC4002900B3DF04 /* Venues */,
				2BC1239B1BC4002900B3DF04 /* Products */,
			);
			sourceTree = "<group>";
		};
		2BC1239B1BC4002900B3DF04 /* Products */ = {
			isa = PBXGroup;
			children = (
				2BC1239A1BC4002900B3DF04 /* Venues.app */,
			);
			name = Products;
			sourceTree = "<group>";
		};
		2BC1239C1BC4002900B3DF04 /* Venues */ = {
			isa = PBXGroup;
			children = (
				2BC1239D1BC4002900B3DF04 /* AppDelegate.swift */,
				2BC123B11BC421A900B3DF04 /* MapViewController.swift */,
				2BC123B31BC4631E00B3DF04 /* VenuesTableViewController.swift */,
				2BC123B51BC4689D00B3DF04 /* Constants.swift */,
				2BC123AF1BC4016B00B3DF04 /* Foursquare.swift */,
				2BC123A11BC4002900B3DF04 /* Main.storyboard */,
				2BC123A41BC4002900B3DF04 /* Assets.xcassets */,
				2BC123A61BC4002900B3DF04 /* LaunchScreen.storyboard */,
				2BC123A91BC4002900B3DF04 /* Info.plist */,
			);
			path = Venues;
			sourceTree = "<group>";
		};
/* End PBXGroup section */

/* Begin PBXNativeTarget section */
		2BC123991BC4002900B3DF04 /* Venues */ = {
			isa = PBXNativeTarget;
			buildConfigurationList = 2BC123AC1BC4002900B3DF04 /* Build configuration list for PBXNativeTarget "Venues" */;
			buildPhases = (
				2BC123961BC4002900B3DF04 /* Sources */,
				2BC123971BC4002900B3DF04 /* Frameworks */,
				2BC123981BC4002900B3DF04 /* Resources */,
			);
			buildRules = (
			);
			dependencies = (
			);
			name = Venues;
			productName = Venues;
			productReference = 2BC1239A1BC4002900B3DF04 /* Venues.app */;
			productType = "com.apple.product-type.application";
		};
/* End PBXNativeTarget section */

/* Begin PBXProject section */
		2BC123921BC4002900B3DF04 /* Project object */ = {
			isa = PBXProject;
			attributes = {
				LastUpgradeCheck = 0700;
				ORGANIZATIONNAME = "Joe E.";
				TargetAttributes = {
					2BC123991BC4002900B3DF04 = {
						CreatedOnToolsVersion = 7.0.1;
						DevelopmentTeam = ZLJ8TNLN7F;
					};
				};
			};
			buildConfigurationList = 2BC123951BC4002900B3DF04 /* Build configuration list for PBXProject "Venues" */;
			compatibilityVersion = "Xcode 3.2";
			developmentRegion = English;
			hasScannedForEncodings = 0;
			knownRegions = (
				en,
				Base,
			);
			mainGroup = 2BC123911BC4002900B3DF04;
			productRefGroup = 2BC1239B1BC4002900B3DF04 /* Products */;
			projectDirPath = "";
			projectRoot = "";
			targets = (
				2BC123991BC4002900B3DF04 /* Venues */,
			);
		};
/* End PBXProject section */

/* Begin PBXResourcesBuildPhase section */
		2BC123981BC4002900B3DF04 /* Resources */ = {
			isa = PBXResourcesBuildPhase;
			buildActionMask = 2147483647;
			files = (
				2BC123A81BC4002900B3DF04 /* LaunchScreen.storyboard in Resources */,
				2BC123A51BC4002900B3DF04 /* Assets.xcassets in Resources */,
				2BC123A31BC4002900B3DF04 /* Main.storyboard in Resources */,
			);
			runOnlyForDeploymentPostprocessing = 0;
		};
/* End PBXResourcesBuildPhase section */

/* Begin PBXSourcesBuildPhase section */
		2BC123961BC4002900B3DF04 /* Sources */ = {
			isa = PBXSourcesBuildPhase;
			buildActionMask = 2147483647;
			files = (
				2BC123B61BC4689D00B3DF04 /* Constants.swift in Sources */,
				2BC123B01BC4016B00B3DF04 /* Foursquare.swift in Sources */,
				2BC1239E1BC4002900B3DF04 /* AppDelegate.swift in Sources */,
				2BC123B21BC421A900B3DF04 /* MapViewController.swift in Sources */,
				2BC123B41BC4631E00B3DF04 /* VenuesTableViewController.swift in Sources */,
			);
			runOnlyForDeploymentPostprocessing = 0;
		};
/* End PBXSourcesBuildPhase section */

/* Begin PBXVariantGroup section */
		2BC123A11BC4002900B3DF04 /* Main.storyboard */ = {
			isa = PBXVariantGroup;
			children = (
				2BC123A21BC4002900B3DF04 /* Base */,
			);
			name = Main.storyboard;
			sourceTree = "<group>";
		};
		2BC123A61BC4002900B3DF04 /* LaunchScreen.storyboard */ = {
			isa = PBXVariantGroup;
			children = (
				2BC123A71BC4002900B3DF04 /* Base */,
			);
			name = LaunchScreen.storyboard;
			sourceTree = "<group>";
		};
/* End PBXVariantGroup section */

/* Begin XCBuildConfiguration section */
		2BC123AA1BC4002900B3DF04 /* Debug */ = {
			isa = XCBuildConfiguration;
			buildSettings = {
				ALWAYS_SEARCH_USER_PATHS = NO;
				CLANG_CXX_LANGUAGE_STANDARD = "gnu++0x";
				CLANG_CXX_LIBRARY = "libc++";
				CLANG_ENABLE_MODULES = YES;
				CLANG_ENABLE_OBJC_ARC = YES;
				CLANG_WARN_BOOL_CONVERSION = YES;
				CLANG_WARN_CONSTANT_CONVERSION = YES;
				CLANG_WARN_DIRECT_OBJC_ISA_USAGE = YES_ERROR;
				CLANG_WARN_EMPTY_BODY = YES;
				CLANG_WARN_ENUM_CONVERSION = YES;
				CLANG_WARN_INT_CONVERSION = YES;
				CLANG_WARN_OBJC_ROOT_CLASS = YES_ERROR;
				CLANG_WARN_UNREACHABLE_CODE = YES;
				CLANG_WARN__DUPLICATE_METHOD_MATCH = YES;
				"CODE_SIGN_IDENTITY[sdk=iphoneos*]" = "iPhone Developer";
				COPY_PHASE_STRIP = NO;
				DEBUG_INFORMATION_FORMAT = dwarf;
				ENABLE_STRICT_OBJC_MSGSEND = YES;
				ENABLE_TESTABILITY = YES;
				GCC_C_LANGUAGE_STANDARD = gnu99;
				GCC_DYNAMIC_NO_PIC = NO;
				GCC_NO_COMMON_BLOCKS = YES;
				GCC_OPTIMIZATION_LEVEL = 0;
				GCC_PREPROCESSOR_DEFINITIONS = (
					"DEBUG=1",
					"$(inherited)",
				);
				GCC_WARN_64_TO_32_BIT_CONVERSION = YES;
				GCC_WARN_ABOUT_RETURN_TYPE = YES_ERROR;
				GCC_WARN_UNDECLARED_SELECTOR = YES;
				GCC_WARN_UNINITIALIZED_AUTOS = YES_AGGRESSIVE;
				GCC_WARN_UNUSED_FUNCTION = YES;
				GCC_WARN_UNUSED_VARIABLE = YES;
				IPHONEOS_DEPLOYMENT_TARGET = 9.0;
				MTL_ENABLE_DEBUG_INFO = YES;
				ONLY_ACTIVE_ARCH = YES;
				SDKROOT = iphoneos;
				SWIFT_OPTIMIZATION_LEVEL = "-Onone";
			};
			name = Debug;
		};
		2BC123AB1BC4002900B3DF04 /* Release */ = {
			isa = XCBuildConfiguration;
			buildSettings = {
				ALWAYS_SEARCH_USER_PATHS = NO;
				CLANG_CXX_LANGUAGE_STANDARD = "gnu++0x";
				CLANG_CXX_LIBRARY = "libc++";
				CLANG_ENABLE_MODULES = YES;
				CLANG_ENABLE_OBJC_ARC = YES;
				CLANG_WARN_BOOL_CONVERSION = YES;
				CLANG_WARN_CONSTANT_CONVERSION = YES;
				CLANG_WARN_DIRECT_OBJC_ISA_USAGE = YES_ERROR;
				CLANG_WARN_EMPTY_BODY = YES;
				CLANG_WARN_ENUM_CONVERSION = YES;
				CLANG_WARN_INT_CONVERSION = YES;
				CLANG_WARN_OBJC_ROOT_CLASS = YES_ERROR;
				CLANG_WARN_UNREACHABLE_CODE = YES;
				CLANG_WARN__DUPLICATE_METHOD_MATCH = YES;
				"CODE_SIGN_IDENTITY[sdk=iphoneos*]" = "iPhone Developer";
				COPY_PHASE_STRIP = NO;
				DEBUG_INFORMATION_FORMAT = "dwarf-with-dsym";
				ENABLE_NS_ASSERTIONS = NO;
				ENABLE_STRICT_OBJC_MSGSEND = YES;
				GCC_C_LANGUAGE_STANDARD = gnu99;
				GCC_NO_COMMON_BLOCKS = YES;
				GCC_WARN_64_TO_32_BIT_CONVERSION = YES;
				GCC_WARN_ABOUT_RETURN_TYPE = YES_ERROR;
				GCC_WARN_UNDECLARED_SELECTOR = YES;
				GCC_WARN_UNINITIALIZED_AUTOS = YES_AGGRESSIVE;
				GCC_WARN_UNUSED_FUNCTION = YES;
				GCC_WARN_UNUSED_VARIABLE = YES;
				IPHONEOS_DEPLOYMENT_TARGET = 9.0;
				MTL_ENABLE_DEBUG_INFO = NO;
				SDKROOT = iphoneos;
				VALIDATE_PRODUCT = YES;
			};
			name = Release;
		};
		2BC123AD1BC4002900B3DF04 /* Debug */ = {
			isa = XCBuildConfiguration;
			buildSettings = {
				ASSETCATALOG_COMPILER_APPICON_NAME = AppIcon;
				CODE_SIGN_IDENTITY = "iPhone Developer";
				INFOPLIST_FILE = Venues/Info.plist;
				LD_RUNPATH_SEARCH_PATHS = "$(inherited) @executable_path/Frameworks";
				PRODUCT_BUNDLE_IDENTIFIER = com.Montchat.Venues;
				PRODUCT_NAME = "$(TARGET_NAME)";
			};
			name = Debug;
		};
		2BC123AE1BC4002900B3DF04 /* Release */ = {
			isa = XCBuildConfiguration;
			buildSettings = {
				ASSETCATALOG_COMPILER_APPICON_NAME = AppIcon;
				CODE_SIGN_IDENTITY = "iPhone Developer";
				INFOPLIST_FILE = Venues/Info.plist;
				LD_RUNPATH_SEARCH_PATHS = "$(inherited) @executable_path/Frameworks";
				PRODUCT_BUNDLE_IDENTIFIER = com.Montchat.Venues;
				PRODUCT_NAME = "$(TARGET_NAME)";
			};
			name = Release;
		};
/* End XCBuildConfiguration section */

/* Begin XCConfigurationList section */
		2BC123951BC4002900B3DF04 /* Build configuration list for PBXProject "Venues" */ = {
			isa = XCConfigurationList;
			buildConfigurations = (
				2BC123AA1BC4002900B3DF04 /* Debug */,
				2BC123AB1BC4002900B3DF04 /* Release */,
			);
			defaultConfigurationIsVisible = 0;
			defaultConfigurationName = Release;
		};
		2BC123AC1BC4002900B3DF04 /* Build configuration list for PBXNativeTarget "Venues" */ = {
			isa = XCConfigurationList;
			buildConfigurations = (
				2BC123AD1BC4002900B3DF04 /* Debug */,
				2BC123AE1BC4002900B3DF04 /* Release */,
			);
			defaultConfigurationIsVisible = 0;
		};
/* End XCConfigurationList section */
	};
	rootObject = 2BC123921BC4002900B3DF04 /* Project object */;
}
